// !$*UTF8*$!
{
	archiveVersion = 1;
	classes = {
	};
	objectVersion = 56;
	objects = {

/* Begin PBXBuildFile section */
		CED7A99D2BFF29CA0012F02F /* ContactListApp.swift in Sources */ = {isa = PBXBuildFile; fileRef = CED7A99C2BFF29CA0012F02F /* ContactListApp.swift */; };
		CED7A99F2BFF29CA0012F02F /* ContentView.swift in Sources */ = {isa = PBXBuildFile; fileRef = CED7A99E2BFF29CA0012F02F /* ContentView.swift */; };
		CED7A9A12BFF29CB0012F02F /* Assets.xcassets in Resources */ = {isa = PBXBuildFile; fileRef = CED7A9A02BFF29CB0012F02F /* Assets.xcassets */; };
		CED7A9A42BFF29CB0012F02F /* Preview Assets.xcassets in Resources */ = {isa = PBXBuildFile; fileRef = CED7A9A32BFF29CB0012F02F /* Preview Assets.xcassets */; };
		CED7A9AC2BFF48410012F02F /* Person.swift in Sources */ = {isa = PBXBuildFile; fileRef = CED7A9AB2BFF48410012F02F /* Person.swift */; };
		CED7A9AF2BFF487A0012F02F /* DataStore.swift in Sources */ = {isa = PBXBuildFile; fileRef = CED7A9AE2BFF487A0012F02F /* DataStore.swift */; };
		CED7A9B12BFF508A0012F02F /* ContactListView.swift in Sources */ = {isa = PBXBuildFile; fileRef = CED7A9B02BFF508A0012F02F /* ContactListView.swift */; };
		CED7A9B32BFF511D0012F02F /* ContactDetailsView.swift in Sources */ = {isa = PBXBuildFile; fileRef = CED7A9B22BFF511C0012F02F /* ContactDetailsView.swift */; };
		CED7A9B72BFF7B2D0012F02F /* PersonDetailsView.swift in Sources */ = {isa = PBXBuildFile; fileRef = CED7A9B62BFF7B2D0012F02F /* PersonDetailsView.swift */; };
		CED7A9BA2BFF80CE0012F02F /* PersonRowView.swift in Sources */ = {isa = PBXBuildFile; fileRef = CED7A9B92BFF80CE0012F02F /* PersonRowView.swift */; };
		CED7A9BC2BFFC7CF0012F02F /* ContactSectionView.swift in Sources */ = {isa = PBXBuildFile; fileRef = CED7A9BB2BFFC7CF0012F02F /* ContactSectionView.swift */; };
/* End PBXBuildFile section */

/* Begin PBXFileReference section */
		CED7A9992BFF29CA0012F02F /* ContactList.app */ = {isa = PBXFileReference; explicitFileType = wrapper.application; includeInIndex = 0; path = ContactList.app; sourceTree = BUILT_PRODUCTS_DIR; };
		CED7A99C2BFF29CA0012F02F /* ContactListApp.swift */ = {isa = PBXFileReference; lastKnownFileType = sourcecode.swift; path = ContactListApp.swift; sourceTree = "<group>"; };
		CED7A99E2BFF29CA0012F02F /* ContentView.swift */ = {isa = PBXFileReference; lastKnownFileType = sourcecode.swift; path = ContentView.swift; sourceTree = "<group>"; };
		CED7A9A02BFF29CB0012F02F /* Assets.xcassets */ = {isa = PBXFileReference; lastKnownFileType = folder.assetcatalog; path = Assets.xcassets; sourceTree = "<group>"; };
		CED7A9A32BFF29CB0012F02F /* Preview Assets.xcassets */ = {isa = PBXFileReference; lastKnownFileType = folder.assetcatalog; path = "Preview Assets.xcassets"; sourceTree = "<group>"; };
		CED7A9AB2BFF48410012F02F /* Person.swift */ = {isa = PBXFileReference; lastKnownFileType = sourcecode.swift; path = Person.swift; sourceTree = "<group>"; };
		CED7A9AE2BFF487A0012F02F /* DataStore.swift */ = {isa = PBXFileReference; lastKnownFileType = sourcecode.swift; path = DataStore.swift; sourceTree = "<group>"; };
		CED7A9B02BFF508A0012F02F /* ContactListView.swift */ = {isa = PBXFileReference; lastKnownFileType = sourcecode.swift; path = ContactListView.swift; sourceTree = "<group>"; };
		CED7A9B22BFF511C0012F02F /* ContactDetailsView.swift */ = {isa = PBXFileReference; lastKnownFileType = sourcecode.swift; path = ContactDetailsView.swift; sourceTree = "<group>"; };
		CED7A9B62BFF7B2D0012F02F /* PersonDetailsView.swift */ = {isa = PBXFileReference; lastKnownFileType = sourcecode.swift; path = PersonDetailsView.swift; sourceTree = "<group>"; };
		CED7A9B92BFF80CE0012F02F /* PersonRowView.swift */ = {isa = PBXFileReference; lastKnownFileType = sourcecode.swift; path = PersonRowView.swift; sourceTree = "<group>"; };
		CED7A9BB2BFFC7CF0012F02F /* ContactSectionView.swift */ = {isa = PBXFileReference; lastKnownFileType = sourcecode.swift; path = ContactSectionView.swift; sourceTree = "<group>"; };
/* End PBXFileReference section */

/* Begin PBXFrameworksBuildPhase section */
		CED7A9962BFF29CA0012F02F /* Frameworks */ = {
			isa = PBXFrameworksBuildPhase;
			buildActionMask = 2147483647;
			files = (
			);
			runOnlyForDeploymentPostprocessing = 0;
		};
/* End PBXFrameworksBuildPhase section */

/* Begin PBXGroup section */
		CED7A9902BFF29CA0012F02F = {
			isa = PBXGroup;
			children = (
				CED7A99B2BFF29CA0012F02F /* ContactList */,
				CED7A99A2BFF29CA0012F02F /* Products */,
			);
			sourceTree = "<group>";
		};
		CED7A99A2BFF29CA0012F02F /* Products */ = {
			isa = PBXGroup;
			children = (
				CED7A9992BFF29CA0012F02F /* ContactList.app */,
			);
			name = Products;
			sourceTree = "<group>";
		};
		CED7A99B2BFF29CA0012F02F /* ContactList */ = {
			isa = PBXGroup;
			children = (
				CED7A9B02BFF508A0012F02F /* ContactListView.swift */,
				CED7A9B62BFF7B2D0012F02F /* PersonDetailsView.swift */,
				CED7A9B22BFF511C0012F02F /* ContactDetailsView.swift */,
				CED7A9BB2BFFC7CF0012F02F /* ContactSectionView.swift */,
				CED7A9B92BFF80CE0012F02F /* PersonRowView.swift */,
				CED7A9AA2BFF482B0012F02F /* Models */,
				CED7A9AD2BFF48550012F02F /* Services */,
				CED7A99C2BFF29CA0012F02F /* ContactListApp.swift */,
				CED7A99E2BFF29CA0012F02F /* ContentView.swift */,
				CED7A9A02BFF29CB0012F02F /* Assets.xcassets */,
				CED7A9A22BFF29CB0012F02F /* Preview Content */,
			);
			path = ContactList;
			sourceTree = "<group>";
		};
		CED7A9A22BFF29CB0012F02F /* Preview Content */ = {
			isa = PBXGroup;
			children = (
				CED7A9A32BFF29CB0012F02F /* Preview Assets.xcassets */,
			);
			path = "Preview Content";
			sourceTree = "<group>";
		};
		CED7A9AA2BFF482B0012F02F /* Models */ = {
			isa = PBXGroup;
			children = (
				CED7A9AB2BFF48410012F02F /* Person.swift */,
			);
			path = Models;
			sourceTree = "<group>";
		};
		CED7A9AD2BFF48550012F02F /* Services */ = {
			isa = PBXGroup;
			children = (
				CED7A9AE2BFF487A0012F02F /* DataStore.swift */,
			);
			path = Services;
			sourceTree = "<group>";
		};
/* End PBXGroup section */

/* Begin PBXNativeTarget section */
		CED7A9982BFF29CA0012F02F /* ContactList */ = {
			isa = PBXNativeTarget;
			buildConfigurationList = CED7A9A72BFF29CB0012F02F /* Build configuration list for PBXNativeTarget "ContactList" */;
			buildPhases = (
				CED7A9952BFF29CA0012F02F /* Sources */,
				CED7A9962BFF29CA0012F02F /* Frameworks */,
				CED7A9972BFF29CA0012F02F /* Resources */,
			);
			buildRules = (
			);
			dependencies = (
			);
			name = ContactList;
			productName = ContactList;
			productReference = CED7A9992BFF29CA0012F02F /* ContactList.app */;
			productType = "com.apple.product-type.application";
		};
/* End PBXNativeTarget section */

/* Begin PBXProject section */
		CED7A9912BFF29CA0012F02F /* Project object */ = {
			isa = PBXProject;
			attributes = {
				BuildIndependentTargetsInParallel = 1;
				LastSwiftUpdateCheck = 1530;
				LastUpgradeCheck = 1530;
				TargetAttributes = {
					CED7A9982BFF29CA0012F02F = {
						CreatedOnToolsVersion = 15.3;
					};
				};
			};
			buildConfigurationList = CED7A9942BFF29CA0012F02F /* Build configuration list for PBXProject "ContactList" */;
			compatibilityVersion = "Xcode 14.0";
			developmentRegion = en;
			hasScannedForEncodings = 0;
			knownRegions = (
				en,
				Base,
			);
			mainGroup = CED7A9902BFF29CA0012F02F;
			productRefGroup = CED7A99A2BFF29CA0012F02F /* Products */;
			projectDirPath = "";
			projectRoot = "";
			targets = (
				CED7A9982BFF29CA0012F02F /* ContactList */,
			);
		};
/* End PBXProject section */

/* Begin PBXResourcesBuildPhase section */
		CED7A9972BFF29CA0012F02F /* Resources */ = {
			isa = PBXResourcesBuildPhase;
			buildActionMask = 2147483647;
			files = (
				CED7A9A42BFF29CB0012F02F /* Preview Assets.xcassets in Resources */,
				CED7A9A12BFF29CB0012F02F /* Assets.xcassets in Resources */,
			);
			runOnlyForDeploymentPostprocessing = 0;
		};
/* End PBXResourcesBuildPhase section */

/* Begin PBXSourcesBuildPhase section */
		CED7A9952BFF29CA0012F02F /* Sources */ = {
			isa = PBXSourcesBuildPhase;
			buildActionMask = 2147483647;
			files = (
				CED7A9BA2BFF80CE0012F02F /* PersonRowView.swift in Sources */,
				CED7A9B12BFF508A0012F02F /* ContactListView.swift in Sources */,
				CED7A9BC2BFFC7CF0012F02F /* ContactSectionView.swift in Sources */,
				CED7A9B72BFF7B2D0012F02F /* PersonDetailsView.swift in Sources */,
				CED7A9AC2BFF48410012F02F /* Person.swift in Sources */,
				CED7A9AF2BFF487A0012F02F /* DataStore.swift in Sources */,
				CED7A99F2BFF29CA0012F02F /* ContentView.swift in Sources */,
				CED7A9B32BFF511D0012F02F /* ContactDetailsView.swift in Sources */,
				CED7A99D2BFF29CA0012F02F /* ContactListApp.swift in Sources */,
			);
			runOnlyForDeploymentPostprocessing = 0;
		};
/* End PBXSourcesBuildPhase section */

/* Begin XCBuildConfiguration section */
		CED7A9A52BFF29CB0012F02F /* Debug */ = {
			isa = XCBuildConfiguration;
			buildSettings = {
				ALWAYS_SEARCH_USER_PATHS = NO;
				ASSETCATALOG_COMPILER_GENERATE_SWIFT_ASSET_SYMBOL_EXTENSIONS = YES;
				CLANG_ANALYZER_NONNULL = YES;
				CLANG_ANALYZER_NUMBER_OBJECT_CONVERSION = YES_AGGRESSIVE;
				CLANG_CXX_LANGUAGE_STANDARD = "gnu++20";
				CLANG_ENABLE_MODULES = YES;
				CLANG_ENABLE_OBJC_ARC = YES;
				CLANG_ENABLE_OBJC_WEAK = YES;
				CLANG_WARN_BLOCK_CAPTURE_AUTORELEASING = YES;
				CLANG_WARN_BOOL_CONVERSION = YES;
				CLANG_WARN_COMMA = YES;
				CLANG_WARN_CONSTANT_CONVERSION = YES;
				CLANG_WARN_DEPRECATED_OBJC_IMPLEMENTATIONS = YES;
				CLANG_WARN_DIRECT_OBJC_ISA_USAGE = YES_ERROR;
				CLANG_WARN_DOCUMENTATION_COMMENTS = YES;
				CLANG_WARN_EMPTY_BODY = YES;
				CLANG_WARN_ENUM_CONVERSION = YES;
				CLANG_WARN_INFINITE_RECURSION = YES;
				CLANG_WARN_INT_CONVERSION = YES;
				CLANG_WARN_NON_LITERAL_NULL_CONVERSION = YES;
				CLANG_WARN_OBJC_IMPLICIT_RETAIN_SELF = YES;
				CLANG_WARN_OBJC_LITERAL_CONVERSION = YES;
				CLANG_WARN_OBJC_ROOT_CLASS = YES_ERROR;
				CLANG_WARN_QUOTED_INCLUDE_IN_FRAMEWORK_HEADER = YES;
				CLANG_WARN_RANGE_LOOP_ANALYSIS = YES;
				CLANG_WARN_STRICT_PROTOTYPES = YES;
				CLANG_WARN_SUSPICIOUS_MOVE = YES;
				CLANG_WARN_UNGUARDED_AVAILABILITY = YES_AGGRESSIVE;
				CLANG_WARN_UNREACHABLE_CODE = YES;
				CLANG_WARN__DUPLICATE_METHOD_MATCH = YES;
				COPY_PHASE_STRIP = NO;
				DEBUG_INFORMATION_FORMAT = dwarf;
				ENABLE_STRICT_OBJC_MSGSEND = YES;
				ENABLE_TESTABILITY = YES;
				ENABLE_USER_SCRIPT_SANDBOXING = YES;
				GCC_C_LANGUAGE_STANDARD = gnu17;
				GCC_DYNAMIC_NO_PIC = NO;
				GCC_NO_COMMON_BLOCKS = YES;
				GCC_OPTIMIZATION_LEVEL = 0;
				GCC_PREPROCESSOR_DEFINITIONS = (
					"DEBUG=1",
					"$(inherited)",
				);
				GCC_WARN_64_TO_32_BIT_CONVERSION = YES;
				GCC_WARN_ABOUT_RETURN_TYPE = YES_ERROR;
				GCC_WARN_UNDECLARED_SELECTOR = YES;
				GCC_WARN_UNINITIALIZED_AUTOS = YES_AGGRESSIVE;
				GCC_WARN_UNUSED_FUNCTION = YES;
				GCC_WARN_UNUSED_VARIABLE = YES;
				IPHONEOS_DEPLOYMENT_TARGET = 17.4;
				LOCALIZATION_PREFERS_STRING_CATALOGS = YES;
				MTL_ENABLE_DEBUG_INFO = INCLUDE_SOURCE;
				MTL_FAST_MATH = YES;
				ONLY_ACTIVE_ARCH = YES;
				SDKROOT = iphoneos;
				SWIFT_ACTIVE_COMPILATION_CONDITIONS = "DEBUG $(inherited)";
				SWIFT_OPTIMIZATION_LEVEL = "-Onone";
			};
			name = Debug;
		};
		CED7A9A62BFF29CB0012F02F /* Release */ = {
			isa = XCBuildConfiguration;
			buildSettings = {
				ALWAYS_SEARCH_USER_PATHS = NO;
				ASSETCATALOG_COMPILER_GENERATE_SWIFT_ASSET_SYMBOL_EXTENSIONS = YES;
				CLANG_ANALYZER_NONNULL = YES;
				CLANG_ANALYZER_NUMBER_OBJECT_CONVERSION = YES_AGGRESSIVE;
				CLANG_CXX_LANGUAGE_STANDARD = "gnu++20";
				CLANG_ENABLE_MODULES = YES;
				CLANG_ENABLE_OBJC_ARC = YES;
				CLANG_ENABLE_OBJC_WEAK = YES;
				CLANG_WARN_BLOCK_CAPTURE_AUTORELEASING = YES;
				CLANG_WARN_BOOL_CONVERSION = YES;
				CLANG_WARN_COMMA = YES;
				CLANG_WARN_CONSTANT_CONVERSION = YES;
				CLANG_WARN_DEPRECATED_OBJC_IMPLEMENTATIONS = YES;
				CLANG_WARN_DIRECT_OBJC_ISA_USAGE = YES_ERROR;
				CLANG_WARN_DOCUMENTATION_COMMENTS = YES;
				CLANG_WARN_EMPTY_BODY = YES;
				CLANG_WARN_ENUM_CONVERSION = YES;
				CLANG_WARN_INFINITE_RECURSION = YES;
				CLANG_WARN_INT_CONVERSION = YES;
				CLANG_WARN_NON_LITERAL_NULL_CONVERSION = YES;
				CLANG_WARN_OBJC_IMPLICIT_RETAIN_SELF = YES;
				CLANG_WARN_OBJC_LITERAL_CONVERSION = YES;
				CLANG_WARN_OBJC_ROOT_CLASS = YES_ERROR;
				CLANG_WARN_QUOTED_INCLUDE_IN_FRAMEWORK_HEADER = YES;
				CLANG_WARN_RANGE_LOOP_ANALYSIS = YES;
				CLANG_WARN_STRICT_PROTOTYPES = YES;
				CLANG_WARN_SUSPICIOUS_MOVE = YES;
				CLANG_WARN_UNGUARDED_AVAILABILITY = YES_AGGRESSIVE;
				CLANG_WARN_UNREACHABLE_CODE = YES;
				CLANG_WARN__DUPLICATE_METHOD_MATCH = YES;
				COPY_PHASE_STRIP = NO;
				DEBUG_INFORMATION_FORMAT = "dwarf-with-dsym";
				ENABLE_NS_ASSERTIONS = NO;
				ENABLE_STRICT_OBJC_MSGSEND = YES;
				ENABLE_USER_SCRIPT_SANDBOXING = YES;
				GCC_C_LANGUAGE_STANDARD = gnu17;
				GCC_NO_COMMON_BLOCKS = YES;
				GCC_WARN_64_TO_32_BIT_CONVERSION = YES;
				GCC_WARN_ABOUT_RETURN_TYPE = YES_ERROR;
				GCC_WARN_UNDECLARED_SELECTOR = YES;
				GCC_WARN_UNINITIALIZED_AUTOS = YES_AGGRESSIVE;
				GCC_WARN_UNUSED_FUNCTION = YES;
				GCC_WARN_UNUSED_VARIABLE = YES;
				IPHONEOS_DEPLOYMENT_TARGET = 17.4;
				LOCALIZATION_PREFERS_STRING_CATALOGS = YES;
				MTL_ENABLE_DEBUG_INFO = NO;
				MTL_FAST_MATH = YES;
				SDKROOT = iphoneos;
				SWIFT_COMPILATION_MODE = wholemodule;
				VALIDATE_PRODUCT = YES;
			};
			name = Release;
		};
		CED7A9A82BFF29CB0012F02F /* Debug */ = {
			isa = XCBuildConfiguration;
			buildSettings = {
				ASSETCATALOG_COMPILER_APPICON_NAME = AppIcon;
				ASSETCATALOG_COMPILER_GLOBAL_ACCENT_COLOR_NAME = AccentColor;
				CODE_SIGN_STYLE = Automatic;
				CURRENT_PROJECT_VERSION = 1;
				DEVELOPMENT_ASSET_PATHS = "\"ContactList/Preview Content\"";
				DEVELOPMENT_TEAM = R3HT9YNNBP;
				ENABLE_PREVIEWS = YES;
				GENERATE_INFOPLIST_FILE = YES;
				INFOPLIST_KEY_UIApplicationSceneManifest_Generation = YES;
				INFOPLIST_KEY_UIApplicationSupportsIndirectInputEvents = YES;
				INFOPLIST_KEY_UILaunchScreen_Generation = YES;
				INFOPLIST_KEY_UISupportedInterfaceOrientations_iPad = "UIInterfaceOrientationPortrait UIInterfaceOrientationPortraitUpsideDown UIInterfaceOrientationLandscapeLeft UIInterfaceOrientationLandscapeRight";
				INFOPLIST_KEY_UISupportedInterfaceOrientations_iPhone = "UIInterfaceOrientationPortrait UIInterfaceOrientationLandscapeLeft UIInterfaceOrientationLandscapeRight";
				LD_RUNPATH_SEARCH_PATHS = (
					"$(inherited)",
					"@executable_path/Frameworks",
				);
				MARKETING_VERSION = 1.0;
				PRODUCT_BUNDLE_IDENTIFIER = ru.myfirstgamee.ContactList;
				PRODUCT_NAME = "$(TARGET_NAME)";
				SWIFT_EMIT_LOC_STRINGS = YES;
				SWIFT_VERSION = 5.0;
				TARGETED_DEVICE_FAMILY = "1,2";
			};
			name = Debug;
		};
		CED7A9A92BFF29CB0012F02F /* Release */ = {
			isa = XCBuildConfiguration;
			buildSettings = {
				ASSETCATALOG_COMPILER_APPICON_NAME = AppIcon;
				ASSETCATALOG_COMPILER_GLOBAL_ACCENT_COLOR_NAME = AccentColor;
				CODE_SIGN_STYLE = Automatic;
				CURRENT_PROJECT_VERSION = 1;
				DEVELOPMENT_ASSET_PATHS = "\"ContactList/Preview Content\"";
				DEVELOPMENT_TEAM = R3HT9YNNBP;
				ENABLE_PREVIEWS = YES;
				GENERATE_INFOPLIST_FILE = YES;
				INFOPLIST_KEY_UIApplicationSceneManifest_Generation = YES;
				INFOPLIST_KEY_UIApplicationSupportsIndirectInputEvents = YES;
				INFOPLIST_KEY_UILaunchScreen_Generation = YES;
				INFOPLIST_KEY_UISupportedInterfaceOrientations_iPad = "UIInterfaceOrientationPortrait UIInterfaceOrientationPortraitUpsideDown UIInterfaceOrientationLandscapeLeft UIInterfaceOrientationLandscapeRight";
				INFOPLIST_KEY_UISupportedInterfaceOrientations_iPhone = "UIInterfaceOrientationPortrait UIInterfaceOrientationLandscapeLeft UIInterfaceOrientationLandscapeRight";
				LD_RUNPATH_SEARCH_PATHS = (
					"$(inherited)",
					"@executable_path/Frameworks",
				);
				MARKETING_VERSION = 1.0;
				PRODUCT_BUNDLE_IDENTIFIER = ru.myfirstgamee.ContactList;
				PRODUCT_NAME = "$(TARGET_NAME)";
				SWIFT_EMIT_LOC_STRINGS = YES;
				SWIFT_VERSION = 5.0;
				TARGETED_DEVICE_FAMILY = "1,2";
			};
			name = Release;
		};
/* End XCBuildConfiguration section */

/* Begin XCConfigurationList section */
		CED7A9942BFF29CA0012F02F /* Build configuration list for PBXProject "ContactList" */ = {
			isa = XCConfigurationList;
			buildConfigurations = (
				CED7A9A52BFF29CB0012F02F /* Debug */,
				CED7A9A62BFF29CB0012F02F /* Release */,
			);
			defaultConfigurationIsVisible = 0;
			defaultConfigurationName = Release;
		};
		CED7A9A72BFF29CB0012F02F /* Build configuration list for PBXNativeTarget "ContactList" */ = {
			isa = XCConfigurationList;
			buildConfigurations = (
				CED7A9A82BFF29CB0012F02F /* Debug */,
				CED7A9A92BFF29CB0012F02F /* Release */,
			);
			defaultConfigurationIsVisible = 0;
			defaultConfigurationName = Release;
		};
/* End XCConfigurationList section */
	};
	rootObject = CED7A9912BFF29CA0012F02F /* Project object */;
}
